{
  "meteor": {},
  "dependencies": {
    "basePackages": {
      "iron-router": {},
      "bootswatch-yeti": {},
      "font-awesome": {},
      "user-status": {}
    },
    "packages": {
      "iron-router": {
        "git": "https://github.com/EventedMind/iron-router.git",
        "tag": "v0.7.1",
        "commit": "d1ffb3f06ea4c112132b030f2eb1a70b81675ecb"
      },
      "bootswatch-yeti": {
        "git": "https://github.com/mikeschaekermann/meteor-bootswatch-yeti.git",
        "tag": "v0.3.8",
        "commit": "cdc0c7ea0c4abb4e58f97d21063f44fe4b6a2890"
      },
      "font-awesome": {
        "git": "https://github.com/nate-strauser/meteor-font-awesome.git",
        "tag": "v4.0.3",
        "commit": "61e9361384347547ae144f8228faa4deffda23db"
      },
      "user-status": {
        "git": "https://github.com/mizzao/meteor-user-status.git",
        "tag": "v0.3.5",
        "commit": "d325a3ab62742659e195085ead76b1ed736aab35"
      },
      "blaze-layout": {
        "git": "https://github.com/EventedMind/blaze-layout.git",
        "tag": "v0.2.4",
        "commit": "b40e9b0612329288d75cf52ad14a7da64bb8618f"
      },
      "timesync": {
        "git": "https://github.com/mizzao/meteor-timesync.git",
        "tag": "v0.1.5",
        "commit": "3ee7eb21f60650de2ca32661b7c964e464e578e3"
      }
    }
  }
}
